// !$*UTF8*$!
{
	archiveVersion = 1;
	classes = {
	};
	objectVersion = 56;
	objects = {

/* Begin PBXBuildFile section */
		3C28C59F29E68F09002E25E8 /* Protocols.swift in Sources */ = {isa = PBXBuildFile; fileRef = 3C28C59E29E68F09002E25E8 /* Protocols.swift */; };
		3C28C5A129E6ADEF002E25E8 /* MenuOptionCellTableViewCell.swift in Sources */ = {isa = PBXBuildFile; fileRef = 3C28C5A029E6ADEF002E25E8 /* MenuOptionCellTableViewCell.swift */; };
		3C29288629E570A000A21C65 /* AppDelegate.swift in Sources */ = {isa = PBXBuildFile; fileRef = 3C29288529E570A000A21C65 /* AppDelegate.swift */; };
		3C29288829E570A000A21C65 /* SceneDelegate.swift in Sources */ = {isa = PBXBuildFile; fileRef = 3C29288729E570A000A21C65 /* SceneDelegate.swift */; };
		3C29288D29E570A100A21C65 /* Main.storyboard in Resources */ = {isa = PBXBuildFile; fileRef = 3C29288B29E570A100A21C65 /* Main.storyboard */; };
		3C29288F29E570A300A21C65 /* Assets.xcassets in Resources */ = {isa = PBXBuildFile; fileRef = 3C29288E29E570A300A21C65 /* Assets.xcassets */; };
		3C29289229E570A300A21C65 /* LaunchScreen.storyboard in Resources */ = {isa = PBXBuildFile; fileRef = 3C29289029E570A300A21C65 /* LaunchScreen.storyboard */; };
		3C29289E29E571E700A21C65 /* ContainerController.swift in Sources */ = {isa = PBXBuildFile; fileRef = 3C29289D29E571E700A21C65 /* ContainerController.swift */; };
		3C2928A029E571F900A21C65 /* HomeController.swift in Sources */ = {isa = PBXBuildFile; fileRef = 3C29289F29E571F900A21C65 /* HomeController.swift */; };
		3C2928A229E5720F00A21C65 /* MenuController.swift in Sources */ = {isa = PBXBuildFile; fileRef = 3C2928A129E5720F00A21C65 /* MenuController.swift */; };
		3CF9AC9D29E6B9BF00F1E3D2 /* MenuOption.swift in Sources */ = {isa = PBXBuildFile; fileRef = 3CF9AC9C29E6B9BF00F1E3D2 /* MenuOption.swift */; };
/* End PBXBuildFile section */

/* Begin PBXFileReference section */
		3C28C59E29E68F09002E25E8 /* Protocols.swift */ = {isa = PBXFileReference; lastKnownFileType = sourcecode.swift; path = Protocols.swift; sourceTree = "<group>"; };
		3C28C5A029E6ADEF002E25E8 /* MenuOptionCellTableViewCell.swift */ = {isa = PBXFileReference; lastKnownFileType = sourcecode.swift; path = MenuOptionCellTableViewCell.swift; sourceTree = "<group>"; };
		3C29288229E570A000A21C65 /* SideMenu.app */ = {isa = PBXFileReference; explicitFileType = wrapper.application; includeInIndex = 0; path = SideMenu.app; sourceTree = BUILT_PRODUCTS_DIR; };
		3C29288529E570A000A21C65 /* AppDelegate.swift */ = {isa = PBXFileReference; lastKnownFileType = sourcecode.swift; path = AppDelegate.swift; sourceTree = "<group>"; };
		3C29288729E570A000A21C65 /* SceneDelegate.swift */ = {isa = PBXFileReference; lastKnownFileType = sourcecode.swift; path = SceneDelegate.swift; sourceTree = "<group>"; };
		3C29288C29E570A100A21C65 /* Base */ = {isa = PBXFileReference; lastKnownFileType = file.storyboard; name = Base; path = Base.lproj/Main.storyboard; sourceTree = "<group>"; };
		3C29288E29E570A300A21C65 /* Assets.xcassets */ = {isa = PBXFileReference; lastKnownFileType = folder.assetcatalog; path = Assets.xcassets; sourceTree = "<group>"; };
		3C29289129E570A300A21C65 /* Base */ = {isa = PBXFileReference; lastKnownFileType = file.storyboard; name = Base; path = Base.lproj/LaunchScreen.storyboard; sourceTree = "<group>"; };
		3C29289329E570A300A21C65 /* Info.plist */ = {isa = PBXFileReference; lastKnownFileType = text.plist.xml; path = Info.plist; sourceTree = "<group>"; };
		3C29289D29E571E700A21C65 /* ContainerController.swift */ = {isa = PBXFileReference; lastKnownFileType = sourcecode.swift; path = ContainerController.swift; sourceTree = "<group>"; };
		3C29289F29E571F900A21C65 /* HomeController.swift */ = {isa = PBXFileReference; lastKnownFileType = sourcecode.swift; path = HomeController.swift; sourceTree = "<group>"; };
		3C2928A129E5720F00A21C65 /* MenuController.swift */ = {isa = PBXFileReference; lastKnownFileType = sourcecode.swift; path = MenuController.swift; sourceTree = "<group>"; };
		3CF9AC9C29E6B9BF00F1E3D2 /* MenuOption.swift */ = {isa = PBXFileReference; lastKnownFileType = sourcecode.swift; path = MenuOption.swift; sourceTree = "<group>"; };
/* End PBXFileReference section */

/* Begin PBXFrameworksBuildPhase section */
		3C29287F29E570A000A21C65 /* Frameworks */ = {
			isa = PBXFrameworksBuildPhase;
			buildActionMask = 2147483647;
			files = (
			);
			runOnlyForDeploymentPostprocessing = 0;
		};
/* End PBXFrameworksBuildPhase section */

/* Begin PBXGroup section */
		3C29287929E570A000A21C65 = {
			isa = PBXGroup;
			children = (
				3C29288429E570A000A21C65 /* SideMenu */,
				3C29288329E570A000A21C65 /* Products */,
			);
			sourceTree = "<group>";
		};
		3C29288329E570A000A21C65 /* Products */ = {
			isa = PBXGroup;
			children = (
				3C29288229E570A000A21C65 /* SideMenu.app */,
			);
			name = Products;
			sourceTree = "<group>";
		};
		3C29288429E570A000A21C65 /* SideMenu */ = {
			isa = PBXGroup;
			children = (
				3C29289C29E5711E00A21C65 /* utilities */,
				3C29289B29E5711A00A21C65 /* Model */,
				3C29289A29E5711400A21C65 /* View */,
				3C29289929E5710000A21C65 /* Controller */,
				3C29288529E570A000A21C65 /* AppDelegate.swift */,
				3C29288729E570A000A21C65 /* SceneDelegate.swift */,
				3C29288B29E570A100A21C65 /* Main.storyboard */,
				3C29288E29E570A300A21C65 /* Assets.xcassets */,
				3C29289029E570A300A21C65 /* LaunchScreen.storyboard */,
				3C29289329E570A300A21C65 /* Info.plist */,
			);
			path = SideMenu;
			sourceTree = "<group>";
		};
		3C29289929E5710000A21C65 /* Controller */ = {
			isa = PBXGroup;
			children = (
				3C29289D29E571E700A21C65 /* ContainerController.swift */,
				3C29289F29E571F900A21C65 /* HomeController.swift */,
				3C2928A129E5720F00A21C65 /* MenuController.swift */,
			);
			path = Controller;
			sourceTree = "<group>";
		};
		3C29289A29E5711400A21C65 /* View */ = {
			isa = PBXGroup;
			children = (
				3C28C5A029E6ADEF002E25E8 /* MenuOptionCellTableViewCell.swift */,
			);
			path = View;
			sourceTree = "<group>";
		};
		3C29289B29E5711A00A21C65 /* Model */ = {
			isa = PBXGroup;
			children = (
				3CF9AC9C29E6B9BF00F1E3D2 /* MenuOption.swift */,
			);
			path = Model;
			sourceTree = "<group>";
		};
		3C29289C29E5711E00A21C65 /* utilities */ = {
			isa = PBXGroup;
			children = (
				3C28C59E29E68F09002E25E8 /* Protocols.swift */,
			);
			path = utilities;
			sourceTree = "<group>";
		};
/* End PBXGroup section */

/* Begin PBXNativeTarget section */
		3C29288129E570A000A21C65 /* SideMenu */ = {
			isa = PBXNativeTarget;
			buildConfigurationList = 3C29289629E570A300A21C65 /* Build configuration list for PBXNativeTarget "SideMenu" */;
			buildPhases = (
				3C29287E29E570A000A21C65 /* Sources */,
				3C29287F29E570A000A21C65 /* Frameworks */,
				3C29288029E570A000A21C65 /* Resources */,
			);
			buildRules = (
			);
			dependencies = (
			);
			name = SideMenu;
			productName = SideMenu;
			productReference = 3C29288229E570A000A21C65 /* SideMenu.app */;
			productType = "com.apple.product-type.application";
		};
/* End PBXNativeTarget section */

/* Begin PBXProject section */
		3C29287A29E570A000A21C65 /* Project object */ = {
			isa = PBXProject;
			attributes = {
				BuildIndependentTargetsInParallel = 1;
				LastSwiftUpdateCheck = 1420;
				LastUpgradeCheck = 1420;
				TargetAttributes = {
					3C29288129E570A000A21C65 = {
						CreatedOnToolsVersion = 14.2;
					};
				};
			};
			buildConfigurationList = 3C29287D29E570A000A21C65 /* Build configuration list for PBXProject "SideMenu" */;
			compatibilityVersion = "Xcode 14.0";
			developmentRegion = en;
			hasScannedForEncodings = 0;
			knownRegions = (
				en,
				Base,
			);
			mainGroup = 3C29287929E570A000A21C65;
			productRefGroup = 3C29288329E570A000A21C65 /* Products */;
			projectDirPath = "";
			projectRoot = "";
			targets = (
				3C29288129E570A000A21C65 /* SideMenu */,
			);
		};
/* End PBXProject section */

/* Begin PBXResourcesBuildPhase section */
		3C29288029E570A000A21C65 /* Resources */ = {
			isa = PBXResourcesBuildPhase;
			buildActionMask = 2147483647;
			files = (
				3C29289229E570A300A21C65 /* LaunchScreen.storyboard in Resources */,
				3C29288F29E570A300A21C65 /* Assets.xcassets in Resources */,
				3C29288D29E570A100A21C65 /* Main.storyboard in Resources */,
			);
			runOnlyForDeploymentPostprocessing = 0;
		};
/* End PBXResourcesBuildPhase section */

/* Begin PBXSourcesBuildPhase section */
		3C29287E29E570A000A21C65 /* Sources */ = {
			isa = PBXSourcesBuildPhase;
			buildActionMask = 2147483647;
			files = (
				3C28C5A129E6ADEF002E25E8 /* MenuOptionCellTableViewCell.swift in Sources */,
				3CF9AC9D29E6B9BF00F1E3D2 /* MenuOption.swift in Sources */,
				3C29289E29E571E700A21C65 /* ContainerController.swift in Sources */,
				3C29288629E570A000A21C65 /* AppDelegate.swift in Sources */,
				3C29288829E570A000A21C65 /* SceneDelegate.swift in Sources */,
				3C28C59F29E68F09002E25E8 /* Protocols.swift in Sources */,
				3C2928A229E5720F00A21C65 /* MenuController.swift in Sources */,
				3C2928A029E571F900A21C65 /* HomeController.swift in Sources */,
			);
			runOnlyForDeploymentPostprocessing = 0;
		};
/* End PBXSourcesBuildPhase section */

/* Begin PBXVariantGroup section */
		3C29288B29E570A100A21C65 /* Main.storyboard */ = {
			isa = PBXVariantGroup;
			children = (
				3C29288C29E570A100A21C65 /* Base */,
			);
			name = Main.storyboard;
			sourceTree = "<group>";
		};
		3C29289029E570A300A21C65 /* LaunchScreen.storyboard */ = {
			isa = PBXVariantGroup;
			children = (
				3C29289129E570A300A21C65 /* Base */,
			);
			name = LaunchScreen.storyboard;
			sourceTree = "<group>";
		};
/* End PBXVariantGroup section */

/* Begin XCBuildConfiguration section */
		3C29289429E570A300A21C65 /* Debug */ = {
			isa = XCBuildConfiguration;
			buildSettings = {
				ALWAYS_SEARCH_USER_PATHS = NO;
				CLANG_ANALYZER_NONNULL = YES;
				CLANG_ANALYZER_NUMBER_OBJECT_CONVERSION = YES_AGGRESSIVE;
				CLANG_CXX_LANGUAGE_STANDARD = "gnu++20";
				CLANG_ENABLE_MODULES = YES;
				CLANG_ENABLE_OBJC_ARC = YES;
				CLANG_ENABLE_OBJC_WEAK = YES;
				CLANG_WARN_BLOCK_CAPTURE_AUTORELEASING = YES;
				CLANG_WARN_BOOL_CONVERSION = YES;
				CLANG_WARN_COMMA = YES;
				CLANG_WARN_CONSTANT_CONVERSION = YES;
				CLANG_WARN_DEPRECATED_OBJC_IMPLEMENTATIONS = YES;
				CLANG_WARN_DIRECT_OBJC_ISA_USAGE = YES_ERROR;
				CLANG_WARN_DOCUMENTATION_COMMENTS = YES;
				CLANG_WARN_EMPTY_BODY = YES;
				CLANG_WARN_ENUM_CONVERSION = YES;
				CLANG_WARN_INFINITE_RECURSION = YES;
				CLANG_WARN_INT_CONVERSION = YES;
				CLANG_WARN_NON_LITERAL_NULL_CONVERSION = YES;
				CLANG_WARN_OBJC_IMPLICIT_RETAIN_SELF = YES;
				CLANG_WARN_OBJC_LITERAL_CONVERSION = YES;
				CLANG_WARN_OBJC_ROOT_CLASS = YES_ERROR;
				CLANG_WARN_QUOTED_INCLUDE_IN_FRAMEWORK_HEADER = YES;
				CLANG_WARN_RANGE_LOOP_ANALYSIS = YES;
				CLANG_WARN_STRICT_PROTOTYPES = YES;
				CLANG_WARN_SUSPICIOUS_MOVE = YES;
				CLANG_WARN_UNGUARDED_AVAILABILITY = YES_AGGRESSIVE;
				CLANG_WARN_UNREACHABLE_CODE = YES;
				CLANG_WARN__DUPLICATE_METHOD_MATCH = YES;
				COPY_PHASE_STRIP = NO;
				DEBUG_INFORMATION_FORMAT = dwarf;
				ENABLE_STRICT_OBJC_MSGSEND = YES;
				ENABLE_TESTABILITY = YES;
				GCC_C_LANGUAGE_STANDARD = gnu11;
				GCC_DYNAMIC_NO_PIC = NO;
				GCC_NO_COMMON_BLOCKS = YES;
				GCC_OPTIMIZATION_LEVEL = 0;
				GCC_PREPROCESSOR_DEFINITIONS = (
					"DEBUG=1",
					"$(inherited)",
				);
				GCC_WARN_64_TO_32_BIT_CONVERSION = YES;
				GCC_WARN_ABOUT_RETURN_TYPE = YES_ERROR;
				GCC_WARN_UNDECLARED_SELECTOR = YES;
				GCC_WARN_UNINITIALIZED_AUTOS = YES_AGGRESSIVE;
				GCC_WARN_UNUSED_FUNCTION = YES;
				GCC_WARN_UNUSED_VARIABLE = YES;
				IPHONEOS_DEPLOYMENT_TARGET = 16.2;
				MTL_ENABLE_DEBUG_INFO = INCLUDE_SOURCE;
				MTL_FAST_MATH = YES;
				ONLY_ACTIVE_ARCH = YES;
				SDKROOT = iphoneos;
				SWIFT_ACTIVE_COMPILATION_CONDITIONS = DEBUG;
				SWIFT_OPTIMIZATION_LEVEL = "-Onone";
			};
			name = Debug;
		};
		3C29289529E570A300A21C65 /* Release */ = {
			isa = XCBuildConfiguration;
			buildSettings = {
				ALWAYS_SEARCH_USER_PATHS = NO;
				CLANG_ANALYZER_NONNULL = YES;
				CLANG_ANALYZER_NUMBER_OBJECT_CONVERSION = YES_AGGRESSIVE;
				CLANG_CXX_LANGUAGE_STANDARD = "gnu++20";
				CLANG_ENABLE_MODULES = YES;
				CLANG_ENABLE_OBJC_ARC = YES;
				CLANG_ENABLE_OBJC_WEAK = YES;
				CLANG_WARN_BLOCK_CAPTURE_AUTORELEASING = YES;
				CLANG_WARN_BOOL_CONVERSION = YES;
				CLANG_WARN_COMMA = YES;
				CLANG_WARN_CONSTANT_CONVERSION = YES;
				CLANG_WARN_DEPRECATED_OBJC_IMPLEMENTATIONS = YES;
				CLANG_WARN_DIRECT_OBJC_ISA_USAGE = YES_ERROR;
				CLANG_WARN_DOCUMENTATION_COMMENTS = YES;
				CLANG_WARN_EMPTY_BODY = YES;
				CLANG_WARN_ENUM_CONVERSION = YES;
				CLANG_WARN_INFINITE_RECURSION = YES;
				CLANG_WARN_INT_CONVERSION = YES;
				CLANG_WARN_NON_LITERAL_NULL_CONVERSION = YES;
				CLANG_WARN_OBJC_IMPLICIT_RETAIN_SELF = YES;
				CLANG_WARN_OBJC_LITERAL_CONVERSION = YES;
				CLANG_WARN_OBJC_ROOT_CLASS = YES_ERROR;
				CLANG_WARN_QUOTED_INCLUDE_IN_FRAMEWORK_HEADER = YES;
				CLANG_WARN_RANGE_LOOP_ANALYSIS = YES;
				CLANG_WARN_STRICT_PROTOTYPES = YES;
				CLANG_WARN_SUSPICIOUS_MOVE = YES;
				CLANG_WARN_UNGUARDED_AVAILABILITY = YES_AGGRESSIVE;
				CLANG_WARN_UNREACHABLE_CODE = YES;
				CLANG_WARN__DUPLICATE_METHOD_MATCH = YES;
				COPY_PHASE_STRIP = NO;
				DEBUG_INFORMATION_FORMAT = "dwarf-with-dsym";
				ENABLE_NS_ASSERTIONS = NO;
				ENABLE_STRICT_OBJC_MSGSEND = YES;
				GCC_C_LANGUAGE_STANDARD = gnu11;
				GCC_NO_COMMON_BLOCKS = YES;
				GCC_WARN_64_TO_32_BIT_CONVERSION = YES;
				GCC_WARN_ABOUT_RETURN_TYPE = YES_ERROR;
				GCC_WARN_UNDECLARED_SELECTOR = YES;
				GCC_WARN_UNINITIALIZED_AUTOS = YES_AGGRESSIVE;
				GCC_WARN_UNUSED_FUNCTION = YES;
				GCC_WARN_UNUSED_VARIABLE = YES;
				IPHONEOS_DEPLOYMENT_TARGET = 16.2;
				MTL_ENABLE_DEBUG_INFO = NO;
				MTL_FAST_MATH = YES;
				SDKROOT = iphoneos;
				SWIFT_COMPILATION_MODE = wholemodule;
				SWIFT_OPTIMIZATION_LEVEL = "-O";
				VALIDATE_PRODUCT = YES;
			};
			name = Release;
		};
		3C29289729E570A300A21C65 /* Debug */ = {
			isa = XCBuildConfiguration;
			buildSettings = {
				ASSETCATALOG_COMPILER_APPICON_NAME = AppIcon;
				ASSETCATALOG_COMPILER_GLOBAL_ACCENT_COLOR_NAME = AccentColor;
				CODE_SIGN_STYLE = Automatic;
				CURRENT_PROJECT_VERSION = 1;
				GENERATE_INFOPLIST_FILE = YES;
				INFOPLIST_FILE = SideMenu/Info.plist;
				INFOPLIST_KEY_UIApplicationSupportsIndirectInputEvents = YES;
				INFOPLIST_KEY_UILaunchStoryboardName = LaunchScreen;
				INFOPLIST_KEY_UIMainStoryboardFile = Main;
				INFOPLIST_KEY_UISupportedInterfaceOrientations_iPad = "UIInterfaceOrientationPortrait UIInterfaceOrientationPortraitUpsideDown UIInterfaceOrientationLandscapeLeft UIInterfaceOrientationLandscapeRight";
				INFOPLIST_KEY_UISupportedInterfaceOrientations_iPhone = "UIInterfaceOrientationPortrait UIInterfaceOrientationLandscapeLeft UIInterfaceOrientationLandscapeRight";
				LD_RUNPATH_SEARCH_PATHS = (
					"$(inherited)",
					"@executable_path/Frameworks",
				);
				MARKETING_VERSION = 1.0;
				PRODUCT_BUNDLE_IDENTIFIER = com.bharath.SideMenu;
				PRODUCT_NAME = "$(TARGET_NAME)";
				SWIFT_EMIT_LOC_STRINGS = YES;
				SWIFT_VERSION = 5.0;
				TARGETED_DEVICE_FAMILY = "1,2";
			};
			name = Debug;
		};
		3C29289829E570A300A21C65 /* Release */ = {
			isa = XCBuildConfiguration;
			buildSettings = {
				ASSETCATALOG_COMPILER_APPICON_NAME = AppIcon;
				ASSETCATALOG_COMPILER_GLOBAL_ACCENT_COLOR_NAME = AccentColor;
				CODE_SIGN_STYLE = Automatic;
				CURRENT_PROJECT_VERSION = 1;
				GENERATE_INFOPLIST_FILE = YES;
				INFOPLIST_FILE = SideMenu/Info.plist;
				INFOPLIST_KEY_UIApplicationSupportsIndirectInputEvents = YES;
				INFOPLIST_KEY_UILaunchStoryboardName = LaunchScreen;
				INFOPLIST_KEY_UIMainStoryboardFile = Main;
				INFOPLIST_KEY_UISupportedInterfaceOrientations_iPad = "UIInterfaceOrientationPortrait UIInterfaceOrientationPortraitUpsideDown UIInterfaceOrientationLandscapeLeft UIInterfaceOrientationLandscapeRight";
				INFOPLIST_KEY_UISupportedInterfaceOrientations_iPhone = "UIInterfaceOrientationPortrait UIInterfaceOrientationLandscapeLeft UIInterfaceOrientationLandscapeRight";
				LD_RUNPATH_SEARCH_PATHS = (
					"$(inherited)",
					"@executable_path/Frameworks",
				);
				MARKETING_VERSION = 1.0;
				PRODUCT_BUNDLE_IDENTIFIER = com.bharath.SideMenu;
				PRODUCT_NAME = "$(TARGET_NAME)";
				SWIFT_EMIT_LOC_STRINGS = YES;
				SWIFT_VERSION = 5.0;
				TARGETED_DEVICE_FAMILY = "1,2";
			};
			name = Release;
		};
/* End XCBuildConfiguration section */

/* Begin XCConfigurationList section */
		3C29287D29E570A000A21C65 /* Build configuration list for PBXProject "SideMenu" */ = {
			isa = XCConfigurationList;
			buildConfigurations = (
				3C29289429E570A300A21C65 /* Debug */,
				3C29289529E570A300A21C65 /* Release */,
			);
			defaultConfigurationIsVisible = 0;
			defaultConfigurationName = Release;
		};
		3C29289629E570A300A21C65 /* Build configuration list for PBXNativeTarget "SideMenu" */ = {
			isa = XCConfigurationList;
			buildConfigurations = (
				3C29289729E570A300A21C65 /* Debug */,
				3C29289829E570A300A21C65 /* Release */,
			);
			defaultConfigurationIsVisible = 0;
			defaultConfigurationName = Release;
		};
/* End XCConfigurationList section */
	};
	rootObject = 3C29287A29E570A000A21C65 /* Project object */;
}
